{
  "nodes": {
    "avante": {
      "flake": false,
      "locked": {
        "lastModified": 1740422961,
        "narHash": "sha256-llrPl53Tr0tkV7ut5uVYOunjCGBWTM578tEaC6fvggM=",
        "owner": "yetone",
        "repo": "avante.nvim",
        "rev": "02b4fbf4b181fae0f088b2049f44171b07a9d80b",
        "type": "github"
      },
      "original": {
        "owner": "yetone",
        "repo": "avante.nvim",
        "type": "github"
      }
    },
    "flake-utils": {
      "inputs": {
        "systems": "systems"
      },
      "locked": {
        "lastModified": 1731533236,
        "narHash": "sha256-l0KFg5HjrsfsO/JpG+r7fRrqm12kzFHyUHqHCVpMMbI=",
        "owner": "numtide",
        "repo": "flake-utils",
        "rev": "11707dc2f618dd54ca8739b309ec4fc024de578b",
        "type": "github"
      },
      "original": {
        "owner": "numtide",
        "repo": "flake-utils",
        "type": "github"
      }
    },
    "nixpkgs": {
      "locked": {
        "lastModified": 1740367490,
        "narHash": "sha256-WGaHVAjcrv+Cun7zPlI41SerRtfknGQap281+AakSAw=",
        "owner": "nixos",
        "repo": "nixpkgs",
        "rev": "0196c0175e9191c474c26ab5548db27ef5d34b05",
        "type": "github"
      },
      "original": {
        "owner": "nixos",
        "ref": "nixos-unstable",
        "repo": "nixpkgs",
        "type": "github"
      }
    },
    "root": {
      "inputs": {
        "avante": "avante",
        "flake-utils": "flake-utils",
        "nixpkgs": "nixpkgs"
      }
    },
    "systems": {
      "locked": {
        "lastModified": 1681028828,
        "narHash": "sha256-Vy1rq5AaRuLzOxct8nz4T6wlgyUR7zLU309k9mBC768=",
        "owner": "nix-systems",
        "repo": "default",
        "rev": "da67096a3b9bf56a91d16901293e51ba5b49a27e",
        "type": "github"
      },
      "original": {
        "owner": "nix-systems",
        "repo": "default",
        "type": "github"
      }
    }
  },
  "root": "root",
  "version": 7
}
